
Microsoft Visual Studio Solution File, Format Version 12.00
# Visual Studio Version 16
VisualStudioVersion = 16.0.30503.244
MinimumVisualStudioVersion = 10.0.40219.1
Project("{FAE04EC0-301F-11D3-BF4B-00C04F79EFBC}") = "PlanteShopService", "RoskildeHavecenter\PlanteShopService.csproj", "{5EFB17AE-4747-415D-993B-69E9AFAD62CF}"
EndProject
Project("{FAE04EC0-301F-11D3-BF4B-00C04F79EFBC}") = "ConsumeREST", "ConsumeREST\ConsumeREST.csproj", "{EDAB3A75-1AAD-4F76-9095-FC5CDBE2D06C}"
EndProject
Global
	GlobalSection(SolutionConfigurationPlatforms) = preSolution
		Debug|Any CPU = Debug|Any CPU
		Release|Any CPU = Release|Any CPU
	EndGlobalSection
	GlobalSection(ProjectConfigurationPlatforms) = postSolution
		{5EFB17AE-4747-415D-993B-69E9AFAD62CF}.Debug|Any CPU.ActiveCfg = Debug|Any CPU
		{5EFB17AE-4747-415D-993B-69E9AFAD62CF}.Debug|Any CPU.Build.0 = Debug|Any CPU
		{5EFB17AE-4747-415D-993B-69E9AFAD62CF}.Release|Any CPU.ActiveCfg = Release|Any CPU
		{5EFB17AE-4747-415D-993B-69E9AFAD62CF}.Release|Any CPU.Build.0 = Release|Any CPU
		{EDAB3A75-1AAD-4F76-9095-FC5CDBE2D06C}.Debug|Any CPU.ActiveCfg = Debug|Any CPU
		{EDAB3A75-1AAD-4F76-9095-FC5CDBE2D06C}.Debug|Any CPU.Build.0 = Debug|Any CPU
		{EDAB3A75-1AAD-4F76-9095-FC5CDBE2D06C}.Release|Any CPU.ActiveCfg = Release|Any CPU
		{EDAB3A75-1AAD-4F76-9095-FC5CDBE2D06C}.Release|Any CPU.Build.0 = Release|Any CPU
	EndGlobalSection
	GlobalSection(SolutionProperties) = preSolution
		HideSolutionNode = FALSE
	EndGlobalSection
	GlobalSection(ExtensibilityGlobals) = postSolution
		SolutionGuid = {E56BBD71-0495-4873-A5BD-B90F9338923D}
	EndGlobalSection
EndGlobal
